
Microsoft Visual Studio Solution File, Format Version 12.00
# Visual Studio Version 16
VisualStudioVersion = 16.0.30104.148
MinimumVisualStudioVersion = 10.0.40219.1
Project("{FAE04EC0-301F-11D3-BF4B-00C04F79EFBC}") = "YouFind", "YouFind\YouFind.csproj", "{33E7BC44-3636-46A7-9C13-8983F569CFC5}"
EndProject
Project("{2150E333-8FDC-42A3-9474-1A3956D46DE8}") = "Solution Items", "Solution Items", "{BA88EDEA-895C-4B1D-82D5-CFEFA327DEBB}"
	ProjectSection(SolutionItems) = preProject
		readme.md = readme.md
		todo.md = todo.md
	EndProjectSection
EndProject
Global
	GlobalSection(SolutionConfigurationPlatforms) = preSolution
		Debug|Any CPU = Debug|Any CPU
		Release|Any CPU = Release|Any CPU
	EndGlobalSection
	GlobalSection(ProjectConfigurationPlatforms) = postSolution
		{33E7BC44-3636-46A7-9C13-8983F569CFC5}.Debug|Any CPU.ActiveCfg = Debug|Any CPU
		{33E7BC44-3636-46A7-9C13-8983F569CFC5}.Debug|Any CPU.Build.0 = Debug|Any CPU
		{33E7BC44-3636-46A7-9C13-8983F569CFC5}.Release|Any CPU.ActiveCfg = Release|Any CPU
		{33E7BC44-3636-46A7-9C13-8983F569CFC5}.Release|Any CPU.Build.0 = Release|Any CPU
	EndGlobalSection
	GlobalSection(SolutionProperties) = preSolution
		HideSolutionNode = FALSE
	EndGlobalSection
	GlobalSection(ExtensibilityGlobals) = postSolution
		SolutionGuid = {D0FF11D5-760A-47E3-AD0C-FB9DD13DBD60}
	EndGlobalSection
EndGlobal
